// !$*UTF8*$!
{
	archiveVersion = 1;
	classes = {
	};
	objectVersion = 50;
	objects = {

/* Begin PBXBuildFile section */
		7EDA817624335AEA00E3425E /* AppDelegate.swift in Sources */ = {isa = PBXBuildFile; fileRef = 7EDA817524335AEA00E3425E /* AppDelegate.swift */; };
		7EDA817824335AEA00E3425E /* SceneDelegate.swift in Sources */ = {isa = PBXBuildFile; fileRef = 7EDA817724335AEA00E3425E /* SceneDelegate.swift */; };
		7EDA817C24335AEC00E3425E /* Assets.xcassets in Resources */ = {isa = PBXBuildFile; fileRef = 7EDA817B24335AEC00E3425E /* Assets.xcassets */; };
		7EDA817F24335AEC00E3425E /* Preview Assets.xcassets in Resources */ = {isa = PBXBuildFile; fileRef = 7EDA817E24335AEC00E3425E /* Preview Assets.xcassets */; };
		7EDA818224335AEC00E3425E /* LaunchScreen.storyboard in Resources */ = {isa = PBXBuildFile; fileRef = 7EDA818024335AEC00E3425E /* LaunchScreen.storyboard */; };
		7EDA818D24335AED00E3425E /* AcademyTests.swift in Sources */ = {isa = PBXBuildFile; fileRef = 7EDA818C24335AED00E3425E /* AcademyTests.swift */; };
		7EDA819824335AED00E3425E /* AcademyUITests.swift in Sources */ = {isa = PBXBuildFile; fileRef = 7EDA819724335AED00E3425E /* AcademyUITests.swift */; };
		7EDA81A624335DF500E3425E /* AcademyView.swift in Sources */ = {isa = PBXBuildFile; fileRef = 7EDA81A524335DF500E3425E /* AcademyView.swift */; };
/* End PBXBuildFile section */

/* Begin PBXContainerItemProxy section */
		7EDA818924335AED00E3425E /* PBXContainerItemProxy */ = {
			isa = PBXContainerItemProxy;
			containerPortal = 7EDA816A24335AEA00E3425E /* Project object */;
			proxyType = 1;
			remoteGlobalIDString = 7EDA817124335AEA00E3425E;
			remoteInfo = Academy;
		};
		7EDA819424335AED00E3425E /* PBXContainerItemProxy */ = {
			isa = PBXContainerItemProxy;
			containerPortal = 7EDA816A24335AEA00E3425E /* Project object */;
			proxyType = 1;
			remoteGlobalIDString = 7EDA817124335AEA00E3425E;
			remoteInfo = Academy;
		};
/* End PBXContainerItemProxy section */

/* Begin PBXFileReference section */
		7EDA817224335AEA00E3425E /* Academy.app */ = {isa = PBXFileReference; explicitFileType = wrapper.application; includeInIndex = 0; path = Academy.app; sourceTree = BUILT_PRODUCTS_DIR; };
		7EDA817524335AEA00E3425E /* AppDelegate.swift */ = {isa = PBXFileReference; lastKnownFileType = sourcecode.swift; path = AppDelegate.swift; sourceTree = "<group>"; };
		7EDA817724335AEA00E3425E /* SceneDelegate.swift */ = {isa = PBXFileReference; lastKnownFileType = sourcecode.swift; path = SceneDelegate.swift; sourceTree = "<group>"; };
		7EDA817B24335AEC00E3425E /* Assets.xcassets */ = {isa = PBXFileReference; lastKnownFileType = folder.assetcatalog; path = Assets.xcassets; sourceTree = "<group>"; };
		7EDA817E24335AEC00E3425E /* Preview Assets.xcassets */ = {isa = PBXFileReference; lastKnownFileType = folder.assetcatalog; path = "Preview Assets.xcassets"; sourceTree = "<group>"; };
		7EDA818124335AEC00E3425E /* Base */ = {isa = PBXFileReference; lastKnownFileType = file.storyboard; name = Base; path = Base.lproj/LaunchScreen.storyboard; sourceTree = "<group>"; };
		7EDA818324335AEC00E3425E /* Info.plist */ = {isa = PBXFileReference; lastKnownFileType = text.plist.xml; path = Info.plist; sourceTree = "<group>"; };
		7EDA818824335AED00E3425E /* AcademyTests.xctest */ = {isa = PBXFileReference; explicitFileType = wrapper.cfbundle; includeInIndex = 0; path = AcademyTests.xctest; sourceTree = BUILT_PRODUCTS_DIR; };
		7EDA818C24335AED00E3425E /* AcademyTests.swift */ = {isa = PBXFileReference; lastKnownFileType = sourcecode.swift; path = AcademyTests.swift; sourceTree = "<group>"; };
		7EDA818E24335AED00E3425E /* Info.plist */ = {isa = PBXFileReference; lastKnownFileType = text.plist.xml; path = Info.plist; sourceTree = "<group>"; };
		7EDA819324335AED00E3425E /* AcademyUITests.xctest */ = {isa = PBXFileReference; explicitFileType = wrapper.cfbundle; includeInIndex = 0; path = AcademyUITests.xctest; sourceTree = BUILT_PRODUCTS_DIR; };
		7EDA819724335AED00E3425E /* AcademyUITests.swift */ = {isa = PBXFileReference; lastKnownFileType = sourcecode.swift; path = AcademyUITests.swift; sourceTree = "<group>"; };
		7EDA819924335AED00E3425E /* Info.plist */ = {isa = PBXFileReference; lastKnownFileType = text.plist.xml; path = Info.plist; sourceTree = "<group>"; };
		7EDA81A524335DF500E3425E /* AcademyView.swift */ = {isa = PBXFileReference; lastKnownFileType = sourcecode.swift; path = AcademyView.swift; sourceTree = "<group>"; };
/* End PBXFileReference section */

/* Begin PBXFrameworksBuildPhase section */
		7EDA816F24335AEA00E3425E /* Frameworks */ = {
			isa = PBXFrameworksBuildPhase;
			buildActionMask = 2147483647;
			files = (
			);
			runOnlyForDeploymentPostprocessing = 0;
		};
		7EDA818524335AED00E3425E /* Frameworks */ = {
			isa = PBXFrameworksBuildPhase;
			buildActionMask = 2147483647;
			files = (
			);
			runOnlyForDeploymentPostprocessing = 0;
		};
		7EDA819024335AED00E3425E /* Frameworks */ = {
			isa = PBXFrameworksBuildPhase;
			buildActionMask = 2147483647;
			files = (
			);
			runOnlyForDeploymentPostprocessing = 0;
		};
/* End PBXFrameworksBuildPhase section */

/* Begin PBXGroup section */
		7EDA816924335AEA00E3425E = {
			isa = PBXGroup;
			children = (
				7EDA817424335AEA00E3425E /* Academy */,
				7EDA818B24335AED00E3425E /* AcademyTests */,
				7EDA819624335AED00E3425E /* AcademyUITests */,
				7EDA817324335AEA00E3425E /* Products */,
			);
			sourceTree = "<group>";
		};
		7EDA817324335AEA00E3425E /* Products */ = {
			isa = PBXGroup;
			children = (
				7EDA817224335AEA00E3425E /* Academy.app */,
				7EDA818824335AED00E3425E /* AcademyTests.xctest */,
				7EDA819324335AED00E3425E /* AcademyUITests.xctest */,
			);
			name = Products;
			sourceTree = "<group>";
		};
		7EDA817424335AEA00E3425E /* Academy */ = {
			isa = PBXGroup;
			children = (
				7EDA817524335AEA00E3425E /* AppDelegate.swift */,
				7EDA817724335AEA00E3425E /* SceneDelegate.swift */,
				7EDA81A524335DF500E3425E /* AcademyView.swift */,
				7EDA817B24335AEC00E3425E /* Assets.xcassets */,
				7EDA818024335AEC00E3425E /* LaunchScreen.storyboard */,
				7EDA818324335AEC00E3425E /* Info.plist */,
				7EDA817D24335AEC00E3425E /* Preview Content */,
			);
			path = Academy;
			sourceTree = "<group>";
		};
		7EDA817D24335AEC00E3425E /* Preview Content */ = {
			isa = PBXGroup;
			children = (
				7EDA817E24335AEC00E3425E /* Preview Assets.xcassets */,
			);
			path = "Preview Content";
			sourceTree = "<group>";
		};
		7EDA818B24335AED00E3425E /* AcademyTests */ = {
			isa = PBXGroup;
			children = (
				7EDA818C24335AED00E3425E /* AcademyTests.swift */,
				7EDA818E24335AED00E3425E /* Info.plist */,
			);
			path = AcademyTests;
			sourceTree = "<group>";
		};
		7EDA819624335AED00E3425E /* AcademyUITests */ = {
			isa = PBXGroup;
			children = (
				7EDA819724335AED00E3425E /* AcademyUITests.swift */,
				7EDA819924335AED00E3425E /* Info.plist */,
			);
			path = AcademyUITests;
			sourceTree = "<group>";
		};
/* End PBXGroup section */

/* Begin PBXNativeTarget section */
		7EDA817124335AEA00E3425E /* Academy */ = {
			isa = PBXNativeTarget;
			buildConfigurationList = 7EDA819C24335AED00E3425E /* Build configuration list for PBXNativeTarget "Academy" */;
			buildPhases = (
				7EDA816E24335AEA00E3425E /* Sources */,
				7EDA816F24335AEA00E3425E /* Frameworks */,
				7EDA817024335AEA00E3425E /* Resources */,
			);
			buildRules = (
			);
			dependencies = (
			);
			name = Academy;
			productName = Academy;
			productReference = 7EDA817224335AEA00E3425E /* Academy.app */;
			productType = "com.apple.product-type.application";
		};
		7EDA818724335AED00E3425E /* AcademyTests */ = {
			isa = PBXNativeTarget;
			buildConfigurationList = 7EDA819F24335AED00E3425E /* Build configuration list for PBXNativeTarget "AcademyTests" */;
			buildPhases = (
				7EDA818424335AED00E3425E /* Sources */,
				7EDA818524335AED00E3425E /* Frameworks */,
				7EDA818624335AED00E3425E /* Resources */,
			);
			buildRules = (
			);
			dependencies = (
				7EDA818A24335AED00E3425E /* PBXTargetDependency */,
			);
			name = AcademyTests;
			productName = AcademyTests;
			productReference = 7EDA818824335AED00E3425E /* AcademyTests.xctest */;
			productType = "com.apple.product-type.bundle.unit-test";
		};
		7EDA819224335AED00E3425E /* AcademyUITests */ = {
			isa = PBXNativeTarget;
			buildConfigurationList = 7EDA81A224335AED00E3425E /* Build configuration list for PBXNativeTarget "AcademyUITests" */;
			buildPhases = (
				7EDA818F24335AED00E3425E /* Sources */,
				7EDA819024335AED00E3425E /* Frameworks */,
				7EDA819124335AED00E3425E /* Resources */,
			);
			buildRules = (
			);
			dependencies = (
				7EDA819524335AED00E3425E /* PBXTargetDependency */,
			);
			name = AcademyUITests;
			productName = AcademyUITests;
			productReference = 7EDA819324335AED00E3425E /* AcademyUITests.xctest */;
			productType = "com.apple.product-type.bundle.ui-testing";
		};
/* End PBXNativeTarget section */

/* Begin PBXProject section */
		7EDA816A24335AEA00E3425E /* Project object */ = {
			isa = PBXProject;
			attributes = {
				LastSwiftUpdateCheck = 1140;
				LastUpgradeCheck = 1140;
				ORGANIZATIONNAME = "Kristoffer Kortbaek";
				TargetAttributes = {
					7EDA817124335AEA00E3425E = {
						CreatedOnToolsVersion = 11.4;
					};
					7EDA818724335AED00E3425E = {
						CreatedOnToolsVersion = 11.4;
						TestTargetID = 7EDA817124335AEA00E3425E;
					};
					7EDA819224335AED00E3425E = {
						CreatedOnToolsVersion = 11.4;
						TestTargetID = 7EDA817124335AEA00E3425E;
					};
				};
			};
			buildConfigurationList = 7EDA816D24335AEA00E3425E /* Build configuration list for PBXProject "Academy" */;
			compatibilityVersion = "Xcode 9.3";
			developmentRegion = en;
			hasScannedForEncodings = 0;
			knownRegions = (
				en,
				Base,
			);
			mainGroup = 7EDA816924335AEA00E3425E;
			productRefGroup = 7EDA817324335AEA00E3425E /* Products */;
			projectDirPath = "";
			projectRoot = "";
			targets = (
				7EDA817124335AEA00E3425E /* Academy */,
				7EDA818724335AED00E3425E /* AcademyTests */,
				7EDA819224335AED00E3425E /* AcademyUITests */,
			);
		};
/* End PBXProject section */

/* Begin PBXResourcesBuildPhase section */
		7EDA817024335AEA00E3425E /* Resources */ = {
			isa = PBXResourcesBuildPhase;
			buildActionMask = 2147483647;
			files = (
				7EDA818224335AEC00E3425E /* LaunchScreen.storyboard in Resources */,
				7EDA817F24335AEC00E3425E /* Preview Assets.xcassets in Resources */,
				7EDA817C24335AEC00E3425E /* Assets.xcassets in Resources */,
			);
			runOnlyForDeploymentPostprocessing = 0;
		};
		7EDA818624335AED00E3425E /* Resources */ = {
			isa = PBXResourcesBuildPhase;
			buildActionMask = 2147483647;
			files = (
			);
			runOnlyForDeploymentPostprocessing = 0;
		};
		7EDA819124335AED00E3425E /* Resources */ = {
			isa = PBXResourcesBuildPhase;
			buildActionMask = 2147483647;
			files = (
			);
			runOnlyForDeploymentPostprocessing = 0;
		};
/* End PBXResourcesBuildPhase section */

/* Begin PBXSourcesBuildPhase section */
		7EDA816E24335AEA00E3425E /* Sources */ = {
			isa = PBXSourcesBuildPhase;
			buildActionMask = 2147483647;
			files = (
				7EDA81A624335DF500E3425E /* AcademyView.swift in Sources */,
				7EDA817624335AEA00E3425E /* AppDelegate.swift in Sources */,
				7EDA817824335AEA00E3425E /* SceneDelegate.swift in Sources */,
			);
			runOnlyForDeploymentPostprocessing = 0;
		};
		7EDA818424335AED00E3425E /* Sources */ = {
			isa = PBXSourcesBuildPhase;
			buildActionMask = 2147483647;
			files = (
				7EDA818D24335AED00E3425E /* AcademyTests.swift in Sources */,
			);
			runOnlyForDeploymentPostprocessing = 0;
		};
		7EDA818F24335AED00E3425E /* Sources */ = {
			isa = PBXSourcesBuildPhase;
			buildActionMask = 2147483647;
			files = (
				7EDA819824335AED00E3425E /* AcademyUITests.swift in Sources */,
			);
			runOnlyForDeploymentPostprocessing = 0;
		};
/* End PBXSourcesBuildPhase section */

/* Begin PBXTargetDependency section */
		7EDA818A24335AED00E3425E /* PBXTargetDependency */ = {
			isa = PBXTargetDependency;
			target = 7EDA817124335AEA00E3425E /* Academy */;
			targetProxy = 7EDA818924335AED00E3425E /* PBXContainerItemProxy */;
		};
		7EDA819524335AED00E3425E /* PBXTargetDependency */ = {
			isa = PBXTargetDependency;
			target = 7EDA817124335AEA00E3425E /* Academy */;
			targetProxy = 7EDA819424335AED00E3425E /* PBXContainerItemProxy */;
		};
/* End PBXTargetDependency section */

/* Begin PBXVariantGroup section */
		7EDA818024335AEC00E3425E /* LaunchScreen.storyboard */ = {
			isa = PBXVariantGroup;
			children = (
				7EDA818124335AEC00E3425E /* Base */,
			);
			name = LaunchScreen.storyboard;
			sourceTree = "<group>";
		};
/* End PBXVariantGroup section */

/* Begin XCBuildConfiguration section */
		7EDA819A24335AED00E3425E /* Debug */ = {
			isa = XCBuildConfiguration;
			buildSettings = {
				ALWAYS_SEARCH_USER_PATHS = NO;
				CLANG_ANALYZER_NONNULL = YES;
				CLANG_ANALYZER_NUMBER_OBJECT_CONVERSION = YES_AGGRESSIVE;
				CLANG_CXX_LANGUAGE_STANDARD = "gnu++14";
				CLANG_CXX_LIBRARY = "libc++";
				CLANG_ENABLE_MODULES = YES;
				CLANG_ENABLE_OBJC_ARC = YES;
				CLANG_ENABLE_OBJC_WEAK = YES;
				CLANG_WARN_BLOCK_CAPTURE_AUTORELEASING = YES;
				CLANG_WARN_BOOL_CONVERSION = YES;
				CLANG_WARN_COMMA = YES;
				CLANG_WARN_CONSTANT_CONVERSION = YES;
				CLANG_WARN_DEPRECATED_OBJC_IMPLEMENTATIONS = YES;
				CLANG_WARN_DIRECT_OBJC_ISA_USAGE = YES_ERROR;
				CLANG_WARN_DOCUMENTATION_COMMENTS = YES;
				CLANG_WARN_EMPTY_BODY = YES;
				CLANG_WARN_ENUM_CONVERSION = YES;
				CLANG_WARN_INFINITE_RECURSION = YES;
				CLANG_WARN_INT_CONVERSION = YES;
				CLANG_WARN_NON_LITERAL_NULL_CONVERSION = YES;
				CLANG_WARN_OBJC_IMPLICIT_RETAIN_SELF = YES;
				CLANG_WARN_OBJC_LITERAL_CONVERSION = YES;
				CLANG_WARN_OBJC_ROOT_CLASS = YES_ERROR;
				CLANG_WARN_RANGE_LOOP_ANALYSIS = YES;
				CLANG_WARN_STRICT_PROTOTYPES = YES;
				CLANG_WARN_SUSPICIOUS_MOVE = YES;
				CLANG_WARN_UNGUARDED_AVAILABILITY = YES_AGGRESSIVE;
				CLANG_WARN_UNREACHABLE_CODE = YES;
				CLANG_WARN__DUPLICATE_METHOD_MATCH = YES;
				COPY_PHASE_STRIP = NO;
				DEBUG_INFORMATION_FORMAT = dwarf;
				ENABLE_STRICT_OBJC_MSGSEND = YES;
				ENABLE_TESTABILITY = YES;
				GCC_C_LANGUAGE_STANDARD = gnu11;
				GCC_DYNAMIC_NO_PIC = NO;
				GCC_NO_COMMON_BLOCKS = YES;
				GCC_OPTIMIZATION_LEVEL = 0;
				GCC_PREPROCESSOR_DEFINITIONS = (
					"DEBUG=1",
					"$(inherited)",
				);
				GCC_WARN_64_TO_32_BIT_CONVERSION = YES;
				GCC_WARN_ABOUT_RETURN_TYPE = YES_ERROR;
				GCC_WARN_UNDECLARED_SELECTOR = YES;
				GCC_WARN_UNINITIALIZED_AUTOS = YES_AGGRESSIVE;
				GCC_WARN_UNUSED_FUNCTION = YES;
				GCC_WARN_UNUSED_VARIABLE = YES;
				IPHONEOS_DEPLOYMENT_TARGET = 13.4;
				MTL_ENABLE_DEBUG_INFO = INCLUDE_SOURCE;
				MTL_FAST_MATH = YES;
				ONLY_ACTIVE_ARCH = YES;
				SDKROOT = iphoneos;
				SWIFT_ACTIVE_COMPILATION_CONDITIONS = DEBUG;
				SWIFT_OPTIMIZATION_LEVEL = "-Onone";
			};
			name = Debug;
		};
		7EDA819B24335AED00E3425E /* Release */ = {
			isa = XCBuildConfiguration;
			buildSettings = {
				ALWAYS_SEARCH_USER_PATHS = NO;
				CLANG_ANALYZER_NONNULL = YES;
				CLANG_ANALYZER_NUMBER_OBJECT_CONVERSION = YES_AGGRESSIVE;
				CLANG_CXX_LANGUAGE_STANDARD = "gnu++14";
				CLANG_CXX_LIBRARY = "libc++";
				CLANG_ENABLE_MODULES = YES;
				CLANG_ENABLE_OBJC_ARC = YES;
				CLANG_ENABLE_OBJC_WEAK = YES;
				CLANG_WARN_BLOCK_CAPTURE_AUTORELEASING = YES;
				CLANG_WARN_BOOL_CONVERSION = YES;
				CLANG_WARN_COMMA = YES;
				CLANG_WARN_CONSTANT_CONVERSION = YES;
				CLANG_WARN_DEPRECATED_OBJC_IMPLEMENTATIONS = YES;
				CLANG_WARN_DIRECT_OBJC_ISA_USAGE = YES_ERROR;
				CLANG_WARN_DOCUMENTATION_COMMENTS = YES;
				CLANG_WARN_EMPTY_BODY = YES;
				CLANG_WARN_ENUM_CONVERSION = YES;
				CLANG_WARN_INFINITE_RECURSION = YES;
				CLANG_WARN_INT_CONVERSION = YES;
				CLANG_WARN_NON_LITERAL_NULL_CONVERSION = YES;
				CLANG_WARN_OBJC_IMPLICIT_RETAIN_SELF = YES;
				CLANG_WARN_OBJC_LITERAL_CONVERSION = YES;
				CLANG_WARN_OBJC_ROOT_CLASS = YES_ERROR;
				CLANG_WARN_RANGE_LOOP_ANALYSIS = YES;
				CLANG_WARN_STRICT_PROTOTYPES = YES;
				CLANG_WARN_SUSPICIOUS_MOVE = YES;
				CLANG_WARN_UNGUARDED_AVAILABILITY = YES_AGGRESSIVE;
				CLANG_WARN_UNREACHABLE_CODE = YES;
				CLANG_WARN__DUPLICATE_METHOD_MATCH = YES;
				COPY_PHASE_STRIP = NO;
				DEBUG_INFORMATION_FORMAT = "dwarf-with-dsym";
				ENABLE_NS_ASSERTIONS = NO;
				ENABLE_STRICT_OBJC_MSGSEND = YES;
				GCC_C_LANGUAGE_STANDARD = gnu11;
				GCC_NO_COMMON_BLOCKS = YES;
				GCC_WARN_64_TO_32_BIT_CONVERSION = YES;
				GCC_WARN_ABOUT_RETURN_TYPE = YES_ERROR;
				GCC_WARN_UNDECLARED_SELECTOR = YES;
				GCC_WARN_UNINITIALIZED_AUTOS = YES_AGGRESSIVE;
				GCC_WARN_UNUSED_FUNCTION = YES;
				GCC_WARN_UNUSED_VARIABLE = YES;
				IPHONEOS_DEPLOYMENT_TARGET = 13.4;
				MTL_ENABLE_DEBUG_INFO = NO;
				MTL_FAST_MATH = YES;
				SDKROOT = iphoneos;
				SWIFT_COMPILATION_MODE = wholemodule;
				SWIFT_OPTIMIZATION_LEVEL = "-O";
				VALIDATE_PRODUCT = YES;
			};
			name = Release;
		};
		7EDA819D24335AED00E3425E /* Debug */ = {
			isa = XCBuildConfiguration;
			buildSettings = {
				ASSETCATALOG_COMPILER_APPICON_NAME = AppIcon;
				CODE_SIGN_STYLE = Automatic;
				DEVELOPMENT_ASSET_PATHS = "\"Academy/Preview Content\"";
				DEVELOPMENT_TEAM = D46GUNQNX6;
				ENABLE_PREVIEWS = YES;
				INFOPLIST_FILE = Academy/Info.plist;
				LD_RUNPATH_SEARCH_PATHS = (
					"$(inherited)",
					"@executable_path/Frameworks",
				);
				PRODUCT_BUNDLE_IDENTIFIER = kmand.industries.Academy;
				PRODUCT_NAME = "$(TARGET_NAME)";
				SWIFT_VERSION = 5.0;
				TARGETED_DEVICE_FAMILY = "1,2";
			};
			name = Debug;
		};
		7EDA819E24335AED00E3425E /* Release */ = {
			isa = XCBuildConfiguration;
			buildSettings = {
				ASSETCATALOG_COMPILER_APPICON_NAME = AppIcon;
				CODE_SIGN_STYLE = Automatic;
				DEVELOPMENT_ASSET_PATHS = "\"Academy/Preview Content\"";
				DEVELOPMENT_TEAM = D46GUNQNX6;
				ENABLE_PREVIEWS = YES;
				INFOPLIST_FILE = Academy/Info.plist;
				LD_RUNPATH_SEARCH_PATHS = (
					"$(inherited)",
					"@executable_path/Frameworks",
				);
				PRODUCT_BUNDLE_IDENTIFIER = kmand.industries.Academy;
				PRODUCT_NAME = "$(TARGET_NAME)";
				SWIFT_VERSION = 5.0;
				TARGETED_DEVICE_FAMILY = "1,2";
			};
			name = Release;
		};
		7EDA81A024335AED00E3425E /* Debug */ = {
			isa = XCBuildConfiguration;
			buildSettings = {
				ALWAYS_EMBED_SWIFT_STANDARD_LIBRARIES = YES;
				BUNDLE_LOADER = "$(TEST_HOST)";
				CODE_SIGN_STYLE = Automatic;
				DEVELOPMENT_TEAM = D46GUNQNX6;
				INFOPLIST_FILE = AcademyTests/Info.plist;
				IPHONEOS_DEPLOYMENT_TARGET = 13.4;
				LD_RUNPATH_SEARCH_PATHS = (
					"$(inherited)",
					"@executable_path/Frameworks",
					"@loader_path/Frameworks",
				);
				PRODUCT_BUNDLE_IDENTIFIER = kmand.industries.AcademyTests;
				PRODUCT_NAME = "$(TARGET_NAME)";
				SWIFT_VERSION = 5.0;
				TARGETED_DEVICE_FAMILY = "1,2";
				TEST_HOST = "$(BUILT_PRODUCTS_DIR)/Academy.app/Academy";
			};
			name = Debug;
		};
		7EDA81A124335AED00E3425E /* Release */ = {
			isa = XCBuildConfiguration;
			buildSettings = {
				ALWAYS_EMBED_SWIFT_STANDARD_LIBRARIES = YES;
				BUNDLE_LOADER = "$(TEST_HOST)";
				CODE_SIGN_STYLE = Automatic;
				DEVELOPMENT_TEAM = D46GUNQNX6;
				INFOPLIST_FILE = AcademyTests/Info.plist;
				IPHONEOS_DEPLOYMENT_TARGET = 13.4;
				LD_RUNPATH_SEARCH_PATHS = (
					"$(inherited)",
					"@executable_path/Frameworks",
					"@loader_path/Frameworks",
				);
				PRODUCT_BUNDLE_IDENTIFIER = kmand.industries.AcademyTests;
				PRODUCT_NAME = "$(TARGET_NAME)";
				SWIFT_VERSION = 5.0;
				TARGETED_DEVICE_FAMILY = "1,2";
				TEST_HOST = "$(BUILT_PRODUCTS_DIR)/Academy.app/Academy";
			};
			name = Release;
		};
		7EDA81A324335AED00E3425E /* Debug */ = {
			isa = XCBuildConfiguration;
			buildSettings = {
				ALWAYS_EMBED_SWIFT_STANDARD_LIBRARIES = YES;
				CODE_SIGN_STYLE = Automatic;
				DEVELOPMENT_TEAM = D46GUNQNX6;
				INFOPLIST_FILE = AcademyUITests/Info.plist;
				LD_RUNPATH_SEARCH_PATHS = (
					"$(inherited)",
					"@executable_path/Frameworks",
					"@loader_path/Frameworks",
				);
				PRODUCT_BUNDLE_IDENTIFIER = kmand.industries.AcademyUITests;
				PRODUCT_NAME = "$(TARGET_NAME)";
				SWIFT_VERSION = 5.0;
				TARGETED_DEVICE_FAMILY = "1,2";
				TEST_TARGET_NAME = Academy;
			};
			name = Debug;
		};
		7EDA81A424335AED00E3425E /* Release */ = {
			isa = XCBuildConfiguration;
			buildSettings = {
				ALWAYS_EMBED_SWIFT_STANDARD_LIBRARIES = YES;
				CODE_SIGN_STYLE = Automatic;
				DEVELOPMENT_TEAM = D46GUNQNX6;
				INFOPLIST_FILE = AcademyUITests/Info.plist;
				LD_RUNPATH_SEARCH_PATHS = (
					"$(inherited)",
					"@executable_path/Frameworks",
					"@loader_path/Frameworks",
				);
				PRODUCT_BUNDLE_IDENTIFIER = kmand.industries.AcademyUITests;
				PRODUCT_NAME = "$(TARGET_NAME)";
				SWIFT_VERSION = 5.0;
				TARGETED_DEVICE_FAMILY = "1,2";
				TEST_TARGET_NAME = Academy;
			};
			name = Release;
		};
/* End XCBuildConfiguration section */

/* Begin XCConfigurationList section */
		7EDA816D24335AEA00E3425E /* Build configuration list for PBXProject "Academy" */ = {
			isa = XCConfigurationList;
			buildConfigurations = (
				7EDA819A24335AED00E3425E /* Debug */,
				7EDA819B24335AED00E3425E /* Release */,
			);
			defaultConfigurationIsVisible = 0;
			defaultConfigurationName = Release;
		};
		7EDA819C24335AED00E3425E /* Build configuration list for PBXNativeTarget "Academy" */ = {
			isa = XCConfigurationList;
			buildConfigurations = (
				7EDA819D24335AED00E3425E /* Debug */,
				7EDA819E24335AED00E3425E /* Release */,
			);
			defaultConfigurationIsVisible = 0;
			defaultConfigurationName = Release;
		};
		7EDA819F24335AED00E3425E /* Build configuration list for PBXNativeTarget "AcademyTests" */ = {
			isa = XCConfigurationList;
			buildConfigurations = (
				7EDA81A024335AED00E3425E /* Debug */,
				7EDA81A124335AED00E3425E /* Release */,
			);
			defaultConfigurationIsVisible = 0;
			defaultConfigurationName = Release;
		};
		7EDA81A224335AED00E3425E /* Build configuration list for PBXNativeTarget "AcademyUITests" */ = {
			isa = XCConfigurationList;
			buildConfigurations = (
				7EDA81A324335AED00E3425E /* Debug */,
				7EDA81A424335AED00E3425E /* Release */,
			);
			defaultConfigurationIsVisible = 0;
			defaultConfigurationName = Release;
		};
/* End XCConfigurationList section */
	};
	rootObject = 7EDA816A24335AEA00E3425E /* Project object */;
}
